
Microsoft Visual Studio Solution File, Format Version 12.00
# Visual Studio 14
VisualStudioVersion = 14.0.25420.1
MinimumVisualStudioVersion = 10.0.40219.1
Project("{FAE04EC0-301F-11D3-BF4B-00C04F79EFBC}") = "XMLParser", "XMLParser\XMLParser.csproj", "{6DDF2745-42EF-48B9-A26C-D161E2887B8C}"
EndProject
Project("{FAE04EC0-301F-11D3-BF4B-00C04F79EFBC}") = "HiveServer", "HiveServer\HiveServer.csproj", "{9A0B2102-7EB9-41FB-9CB3-4969B2D60C9B}"
EndProject
Project("{FAE04EC0-301F-11D3-BF4B-00C04F79EFBC}") = "Models", "Models\Models.csproj", "{74BA06D1-4935-4C2D-9E8A-CC1A4AAD0020}"
EndProject
Global
	GlobalSection(SolutionConfigurationPlatforms) = preSolution
		Debug|Any CPU = Debug|Any CPU
		Release|Any CPU = Release|Any CPU
	EndGlobalSection
	GlobalSection(ProjectConfigurationPlatforms) = postSolution
		{6DDF2745-42EF-48B9-A26C-D161E2887B8C}.Debug|Any CPU.ActiveCfg = Debug|Any CPU
		{6DDF2745-42EF-48B9-A26C-D161E2887B8C}.Debug|Any CPU.Build.0 = Debug|Any CPU
		{6DDF2745-42EF-48B9-A26C-D161E2887B8C}.Release|Any CPU.ActiveCfg = Release|Any CPU
		{6DDF2745-42EF-48B9-A26C-D161E2887B8C}.Release|Any CPU.Build.0 = Release|Any CPU
		{9A0B2102-7EB9-41FB-9CB3-4969B2D60C9B}.Debug|Any CPU.ActiveCfg = Debug|Any CPU
		{9A0B2102-7EB9-41FB-9CB3-4969B2D60C9B}.Debug|Any CPU.Build.0 = Debug|Any CPU
		{9A0B2102-7EB9-41FB-9CB3-4969B2D60C9B}.Release|Any CPU.ActiveCfg = Release|Any CPU
		{9A0B2102-7EB9-41FB-9CB3-4969B2D60C9B}.Release|Any CPU.Build.0 = Release|Any CPU
		{74BA06D1-4935-4C2D-9E8A-CC1A4AAD0020}.Debug|Any CPU.ActiveCfg = Debug|Any CPU
		{74BA06D1-4935-4C2D-9E8A-CC1A4AAD0020}.Debug|Any CPU.Build.0 = Debug|Any CPU
		{74BA06D1-4935-4C2D-9E8A-CC1A4AAD0020}.Release|Any CPU.ActiveCfg = Release|Any CPU
		{74BA06D1-4935-4C2D-9E8A-CC1A4AAD0020}.Release|Any CPU.Build.0 = Release|Any CPU
	EndGlobalSection
	GlobalSection(SolutionProperties) = preSolution
		HideSolutionNode = FALSE
	EndGlobalSection
EndGlobal
